
Microsoft Visual Studio Solution File, Format Version 12.00
# Visual Studio Version 17
VisualStudioVersion = 17.2.32526.322
MinimumVisualStudioVersion = 10.0.40219.1
Project("{FAE04EC0-301F-11D3-BF4B-00C04F79EFBC}") = "ListyIterator", "ListyIterator\ListyIterator.csproj", "{5CE5BB4E-348D-42AC-9ED6-547DE14898C2}"
EndProject
Project("{FAE04EC0-301F-11D3-BF4B-00C04F79EFBC}") = "Stack", "Stack\Stack.csproj", "{C59390AA-3963-4BCB-B9E2-03167528CB8B}"
EndProject
Project("{FAE04EC0-301F-11D3-BF4B-00C04F79EFBC}") = "Froggy", "Froggy\Froggy.csproj", "{78D29030-F440-4544-BE4A-2AB13BE0E620}"
EndProject
Project("{FAE04EC0-301F-11D3-BF4B-00C04F79EFBC}") = "ComparingObjects", "Comparing Objects\ComparingObjects.csproj", "{395A100F-C446-423B-A6F1-4FED5CA70065}"
EndProject
Project("{FAE04EC0-301F-11D3-BF4B-00C04F79EFBC}") = "EqualityLogic", "EqualityLogic\EqualityLogic.csproj", "{DE358DA9-77DD-4504-8182-B609D0FAD996}"
EndProject
Project("{FAE04EC0-301F-11D3-BF4B-00C04F79EFBC}") = "CustomLinkedList", "CustomLinkedList\CustomLinkedList.csproj", "{FAA53E07-E292-4FDB-B811-A7C25D84C0AB}"
EndProject
Global
	GlobalSection(SolutionConfigurationPlatforms) = preSolution
		Debug|Any CPU = Debug|Any CPU
		Release|Any CPU = Release|Any CPU
	EndGlobalSection
	GlobalSection(ProjectConfigurationPlatforms) = postSolution
		{5CE5BB4E-348D-42AC-9ED6-547DE14898C2}.Debug|Any CPU.ActiveCfg = Debug|Any CPU
		{5CE5BB4E-348D-42AC-9ED6-547DE14898C2}.Debug|Any CPU.Build.0 = Debug|Any CPU
		{5CE5BB4E-348D-42AC-9ED6-547DE14898C2}.Release|Any CPU.ActiveCfg = Release|Any CPU
		{5CE5BB4E-348D-42AC-9ED6-547DE14898C2}.Release|Any CPU.Build.0 = Release|Any CPU
		{C59390AA-3963-4BCB-B9E2-03167528CB8B}.Debug|Any CPU.ActiveCfg = Debug|Any CPU
		{C59390AA-3963-4BCB-B9E2-03167528CB8B}.Debug|Any CPU.Build.0 = Debug|Any CPU
		{C59390AA-3963-4BCB-B9E2-03167528CB8B}.Release|Any CPU.ActiveCfg = Release|Any CPU
		{C59390AA-3963-4BCB-B9E2-03167528CB8B}.Release|Any CPU.Build.0 = Release|Any CPU
		{78D29030-F440-4544-BE4A-2AB13BE0E620}.Debug|Any CPU.ActiveCfg = Debug|Any CPU
		{78D29030-F440-4544-BE4A-2AB13BE0E620}.Debug|Any CPU.Build.0 = Debug|Any CPU
		{78D29030-F440-4544-BE4A-2AB13BE0E620}.Release|Any CPU.ActiveCfg = Release|Any CPU
		{78D29030-F440-4544-BE4A-2AB13BE0E620}.Release|Any CPU.Build.0 = Release|Any CPU
		{395A100F-C446-423B-A6F1-4FED5CA70065}.Debug|Any CPU.ActiveCfg = Debug|Any CPU
		{395A100F-C446-423B-A6F1-4FED5CA70065}.Debug|Any CPU.Build.0 = Debug|Any CPU
		{395A100F-C446-423B-A6F1-4FED5CA70065}.Release|Any CPU.ActiveCfg = Release|Any CPU
		{395A100F-C446-423B-A6F1-4FED5CA70065}.Release|Any CPU.Build.0 = Release|Any CPU
		{DE358DA9-77DD-4504-8182-B609D0FAD996}.Debug|Any CPU.ActiveCfg = Debug|Any CPU
		{DE358DA9-77DD-4504-8182-B609D0FAD996}.Debug|Any CPU.Build.0 = Debug|Any CPU
		{DE358DA9-77DD-4504-8182-B609D0FAD996}.Release|Any CPU.ActiveCfg = Release|Any CPU
		{DE358DA9-77DD-4504-8182-B609D0FAD996}.Release|Any CPU.Build.0 = Release|Any CPU
		{FAA53E07-E292-4FDB-B811-A7C25D84C0AB}.Debug|Any CPU.ActiveCfg = Debug|Any CPU
		{FAA53E07-E292-4FDB-B811-A7C25D84C0AB}.Debug|Any CPU.Build.0 = Debug|Any CPU
		{FAA53E07-E292-4FDB-B811-A7C25D84C0AB}.Release|Any CPU.ActiveCfg = Release|Any CPU
		{FAA53E07-E292-4FDB-B811-A7C25D84C0AB}.Release|Any CPU.Build.0 = Release|Any CPU
	EndGlobalSection
	GlobalSection(SolutionProperties) = preSolution
		HideSolutionNode = FALSE
	EndGlobalSection
	GlobalSection(ExtensibilityGlobals) = postSolution
		SolutionGuid = {411CC056-82FA-462B-9F84-8490D77A7CF9}
	EndGlobalSection
EndGlobal
