
Microsoft Visual Studio Solution File, Format Version 12.00
# Visual Studio Version 17
VisualStudioVersion = 17.2.32516.85
MinimumVisualStudioVersion = 10.0.40219.1
Project("{FAE04EC0-301F-11D3-BF4B-00C04F79EFBC}") = "1. Diagonal Difference", "1. Diagonal Difference\1. Diagonal Difference.csproj", "{725E45E4-E45B-4064-B678-D486D95FED29}"
EndProject
Project("{FAE04EC0-301F-11D3-BF4B-00C04F79EFBC}") = "2. Squares in Matrix", "2. Squares in Matrix\2. Squares in Matrix.csproj", "{E074256D-8FE0-4567-839E-83625D4550C1}"
EndProject
Project("{FAE04EC0-301F-11D3-BF4B-00C04F79EFBC}") = "3. Maximal Sum", "3. Maximal Sum\3. Maximal Sum.csproj", "{C892F428-3D6F-4BBB-AAF8-00794B58FAD7}"
EndProject
Global
	GlobalSection(SolutionConfigurationPlatforms) = preSolution
		Debug|Any CPU = Debug|Any CPU
		Release|Any CPU = Release|Any CPU
	EndGlobalSection
	GlobalSection(ProjectConfigurationPlatforms) = postSolution
		{725E45E4-E45B-4064-B678-D486D95FED29}.Debug|Any CPU.ActiveCfg = Debug|Any CPU
		{725E45E4-E45B-4064-B678-D486D95FED29}.Debug|Any CPU.Build.0 = Debug|Any CPU
		{725E45E4-E45B-4064-B678-D486D95FED29}.Release|Any CPU.ActiveCfg = Release|Any CPU
		{725E45E4-E45B-4064-B678-D486D95FED29}.Release|Any CPU.Build.0 = Release|Any CPU
		{E074256D-8FE0-4567-839E-83625D4550C1}.Debug|Any CPU.ActiveCfg = Debug|Any CPU
		{E074256D-8FE0-4567-839E-83625D4550C1}.Debug|Any CPU.Build.0 = Debug|Any CPU
		{E074256D-8FE0-4567-839E-83625D4550C1}.Release|Any CPU.ActiveCfg = Release|Any CPU
		{E074256D-8FE0-4567-839E-83625D4550C1}.Release|Any CPU.Build.0 = Release|Any CPU
		{C892F428-3D6F-4BBB-AAF8-00794B58FAD7}.Debug|Any CPU.ActiveCfg = Debug|Any CPU
		{C892F428-3D6F-4BBB-AAF8-00794B58FAD7}.Debug|Any CPU.Build.0 = Debug|Any CPU
		{C892F428-3D6F-4BBB-AAF8-00794B58FAD7}.Release|Any CPU.ActiveCfg = Release|Any CPU
		{C892F428-3D6F-4BBB-AAF8-00794B58FAD7}.Release|Any CPU.Build.0 = Release|Any CPU
	EndGlobalSection
	GlobalSection(SolutionProperties) = preSolution
		HideSolutionNode = FALSE
	EndGlobalSection
	GlobalSection(ExtensibilityGlobals) = postSolution
		SolutionGuid = {7640E4B5-824F-42D0-957D-BDD3B095DB9A}
	EndGlobalSection
EndGlobal
