
Microsoft Visual Studio Solution File, Format Version 12.00
# Visual Studio Version 16
VisualStudioVersion = 16.0.32002.261
MinimumVisualStudioVersion = 10.0.40219.1
Project("{9A19103F-16F7-4668-BE54-9A1E7A4F7556}") = "1. Sort Numbers", "1. Sort Numbers\1. Sort Numbers.csproj", "{3F343F17-2921-4ACA-97B3-F27511ED508D}"
EndProject
Project("{9A19103F-16F7-4668-BE54-9A1E7A4F7556}") = "02. English Name of the Last Digit", "02. English Name of the Last Digit\02. English Name of the Last Digit.csproj", "{4915BB20-17CA-4D5D-A348-FFA75DA63AB7}"
EndProject
Project("{9A19103F-16F7-4668-BE54-9A1E7A4F7556}") = "03. Gaming Store", "03. Gaming Store\03. Gaming Store.csproj", "{9986370B-B564-4D40-809C-5E85B733A498}"
EndProject
Project("{9A19103F-16F7-4668-BE54-9A1E7A4F7556}") = "4. Reverse String", "4. Reverse String\4. Reverse String.csproj", "{F9065636-B5F0-43D8-8833-1B5A1E1565FE}"
EndProject
Project("{FAE04EC0-301F-11D3-BF4B-00C04F79EFBC}") = "05. Messages", "05. Messages\05. Messages.csproj", "{CC0EA97B-E1B1-4158-AA7B-C690F0ACED91}"
EndProject
Global
	GlobalSection(SolutionConfigurationPlatforms) = preSolution
		Debug|Any CPU = Debug|Any CPU
		Release|Any CPU = Release|Any CPU
	EndGlobalSection
	GlobalSection(ProjectConfigurationPlatforms) = postSolution
		{3F343F17-2921-4ACA-97B3-F27511ED508D}.Debug|Any CPU.ActiveCfg = Debug|Any CPU
		{3F343F17-2921-4ACA-97B3-F27511ED508D}.Debug|Any CPU.Build.0 = Debug|Any CPU
		{3F343F17-2921-4ACA-97B3-F27511ED508D}.Release|Any CPU.ActiveCfg = Release|Any CPU
		{3F343F17-2921-4ACA-97B3-F27511ED508D}.Release|Any CPU.Build.0 = Release|Any CPU
		{4915BB20-17CA-4D5D-A348-FFA75DA63AB7}.Debug|Any CPU.ActiveCfg = Debug|Any CPU
		{4915BB20-17CA-4D5D-A348-FFA75DA63AB7}.Debug|Any CPU.Build.0 = Debug|Any CPU
		{4915BB20-17CA-4D5D-A348-FFA75DA63AB7}.Release|Any CPU.ActiveCfg = Release|Any CPU
		{4915BB20-17CA-4D5D-A348-FFA75DA63AB7}.Release|Any CPU.Build.0 = Release|Any CPU
		{9986370B-B564-4D40-809C-5E85B733A498}.Debug|Any CPU.ActiveCfg = Debug|Any CPU
		{9986370B-B564-4D40-809C-5E85B733A498}.Debug|Any CPU.Build.0 = Debug|Any CPU
		{9986370B-B564-4D40-809C-5E85B733A498}.Release|Any CPU.ActiveCfg = Release|Any CPU
		{9986370B-B564-4D40-809C-5E85B733A498}.Release|Any CPU.Build.0 = Release|Any CPU
		{F9065636-B5F0-43D8-8833-1B5A1E1565FE}.Debug|Any CPU.ActiveCfg = Debug|Any CPU
		{F9065636-B5F0-43D8-8833-1B5A1E1565FE}.Debug|Any CPU.Build.0 = Debug|Any CPU
		{F9065636-B5F0-43D8-8833-1B5A1E1565FE}.Release|Any CPU.ActiveCfg = Release|Any CPU
		{F9065636-B5F0-43D8-8833-1B5A1E1565FE}.Release|Any CPU.Build.0 = Release|Any CPU
		{CC0EA97B-E1B1-4158-AA7B-C690F0ACED91}.Debug|Any CPU.ActiveCfg = Debug|Any CPU
		{CC0EA97B-E1B1-4158-AA7B-C690F0ACED91}.Debug|Any CPU.Build.0 = Debug|Any CPU
		{CC0EA97B-E1B1-4158-AA7B-C690F0ACED91}.Release|Any CPU.ActiveCfg = Release|Any CPU
		{CC0EA97B-E1B1-4158-AA7B-C690F0ACED91}.Release|Any CPU.Build.0 = Release|Any CPU
	EndGlobalSection
	GlobalSection(SolutionProperties) = preSolution
		HideSolutionNode = FALSE
	EndGlobalSection
	GlobalSection(ExtensibilityGlobals) = postSolution
		SolutionGuid = {84A01917-D749-4721-83E4-F8063A0B0BB1}
	EndGlobalSection
EndGlobal
