
Microsoft Visual Studio Solution File, Format Version 12.00
# Visual Studio Version 17
VisualStudioVersion = 17.2.32616.157
MinimumVisualStudioVersion = 10.0.40219.1
Project("{FAE04EC0-301F-11D3-BF4B-00C04F79EFBC}") = "Telephony", "Telephony\Telephony.csproj", "{D9C31528-3D9A-4072-8A2C-D2805E3024AE}"
EndProject
Project("{FAE04EC0-301F-11D3-BF4B-00C04F79EFBC}") = "Military Elite", "Military Elite\Military Elite.csproj", "{11FF3075-32F1-4299-8A04-AA0C6BE1C901}"
EndProject
Project("{FAE04EC0-301F-11D3-BF4B-00C04F79EFBC}") = "Collection Hierarchy", "Collection Hierarchy\Collection Hierarchy.csproj", "{8B3941E9-9557-4A3F-B326-43CC72412630}"
EndProject
Global
	GlobalSection(SolutionConfigurationPlatforms) = preSolution
		Debug|Any CPU = Debug|Any CPU
		Release|Any CPU = Release|Any CPU
	EndGlobalSection
	GlobalSection(ProjectConfigurationPlatforms) = postSolution
		{D9C31528-3D9A-4072-8A2C-D2805E3024AE}.Debug|Any CPU.ActiveCfg = Debug|Any CPU
		{D9C31528-3D9A-4072-8A2C-D2805E3024AE}.Debug|Any CPU.Build.0 = Debug|Any CPU
		{D9C31528-3D9A-4072-8A2C-D2805E3024AE}.Release|Any CPU.ActiveCfg = Release|Any CPU
		{D9C31528-3D9A-4072-8A2C-D2805E3024AE}.Release|Any CPU.Build.0 = Release|Any CPU
		{11FF3075-32F1-4299-8A04-AA0C6BE1C901}.Debug|Any CPU.ActiveCfg = Debug|Any CPU
		{11FF3075-32F1-4299-8A04-AA0C6BE1C901}.Debug|Any CPU.Build.0 = Debug|Any CPU
		{11FF3075-32F1-4299-8A04-AA0C6BE1C901}.Release|Any CPU.ActiveCfg = Release|Any CPU
		{11FF3075-32F1-4299-8A04-AA0C6BE1C901}.Release|Any CPU.Build.0 = Release|Any CPU
		{8B3941E9-9557-4A3F-B326-43CC72412630}.Debug|Any CPU.ActiveCfg = Debug|Any CPU
		{8B3941E9-9557-4A3F-B326-43CC72412630}.Debug|Any CPU.Build.0 = Debug|Any CPU
		{8B3941E9-9557-4A3F-B326-43CC72412630}.Release|Any CPU.ActiveCfg = Release|Any CPU
		{8B3941E9-9557-4A3F-B326-43CC72412630}.Release|Any CPU.Build.0 = Release|Any CPU
	EndGlobalSection
	GlobalSection(SolutionProperties) = preSolution
		HideSolutionNode = FALSE
	EndGlobalSection
	GlobalSection(ExtensibilityGlobals) = postSolution
		SolutionGuid = {99CE63FF-6078-4B0B-86A2-23B0FD268B81}
	EndGlobalSection
EndGlobal
