
Microsoft Visual Studio Solution File, Format Version 12.00
# Visual Studio Version 16
VisualStudioVersion = 16.0.32002.261
MinimumVisualStudioVersion = 10.0.40219.1
Project("{9A19103F-16F7-4668-BE54-9A1E7A4F7556}") = "5. Sum Even Numbers", "Sum Even Numbers\5. Sum Even Numbers.csproj", "{F08EFB69-6902-43B8-A1ED-387BF53FF703}"
EndProject
Project("{9A19103F-16F7-4668-BE54-9A1E7A4F7556}") = "1. Day of Week", "1. Day of Week\1. Day of Week.csproj", "{75D6A8FE-03B2-4FA3-A3D4-80FFF188E146}"
EndProject
Project("{9A19103F-16F7-4668-BE54-9A1E7A4F7556}") = "2. Print Numbers in Reverse Order", "2. Print Numbers in Reverse Order\2. Print Numbers in Reverse Order.csproj", "{4C0F9C44-F465-49BF-86F7-AAB633F00A4F}"
EndProject
Project("{9A19103F-16F7-4668-BE54-9A1E7A4F7556}") = "3. Rounding Numbers", "3. Rounding Numbers\3. Rounding Numbers.csproj", "{2030E3CE-6590-4C4E-B0CC-F5FB4D34B896}"
EndProject
Project("{9A19103F-16F7-4668-BE54-9A1E7A4F7556}") = "4. Reverse Array of Strings", "4. Reverse Array of Strings\4. Reverse Array of Strings.csproj", "{5E25C4A6-DD7E-4942-B629-BAD6C0D209A1}"
EndProject
Project("{9A19103F-16F7-4668-BE54-9A1E7A4F7556}") = "6. Even and Odd Subtraction", "6. Even and Odd Subtraction\6. Even and Odd Subtraction.csproj", "{C7F86CAF-8020-480C-BA0E-BE8F20565EDD}"
EndProject
Project("{9A19103F-16F7-4668-BE54-9A1E7A4F7556}") = "7. Equal Arrays", "7. Equal Arrays\7. Equal Arrays.csproj", "{EE57D059-FF57-4E92-8C19-B0885B3B1D21}"
EndProject
Project("{9A19103F-16F7-4668-BE54-9A1E7A4F7556}") = "8. Condense Array to Number", "08. Condense Array to Number\8. Condense Array to Number.csproj", "{0B2370F7-F661-415F-9F72-7EA633093BC8}"
EndProject
Global
	GlobalSection(SolutionConfigurationPlatforms) = preSolution
		Debug|Any CPU = Debug|Any CPU
		Release|Any CPU = Release|Any CPU
	EndGlobalSection
	GlobalSection(ProjectConfigurationPlatforms) = postSolution
		{F08EFB69-6902-43B8-A1ED-387BF53FF703}.Debug|Any CPU.ActiveCfg = Debug|Any CPU
		{F08EFB69-6902-43B8-A1ED-387BF53FF703}.Debug|Any CPU.Build.0 = Debug|Any CPU
		{F08EFB69-6902-43B8-A1ED-387BF53FF703}.Release|Any CPU.ActiveCfg = Release|Any CPU
		{F08EFB69-6902-43B8-A1ED-387BF53FF703}.Release|Any CPU.Build.0 = Release|Any CPU
		{75D6A8FE-03B2-4FA3-A3D4-80FFF188E146}.Debug|Any CPU.ActiveCfg = Debug|Any CPU
		{75D6A8FE-03B2-4FA3-A3D4-80FFF188E146}.Debug|Any CPU.Build.0 = Debug|Any CPU
		{75D6A8FE-03B2-4FA3-A3D4-80FFF188E146}.Release|Any CPU.ActiveCfg = Release|Any CPU
		{75D6A8FE-03B2-4FA3-A3D4-80FFF188E146}.Release|Any CPU.Build.0 = Release|Any CPU
		{4C0F9C44-F465-49BF-86F7-AAB633F00A4F}.Debug|Any CPU.ActiveCfg = Debug|Any CPU
		{4C0F9C44-F465-49BF-86F7-AAB633F00A4F}.Debug|Any CPU.Build.0 = Debug|Any CPU
		{4C0F9C44-F465-49BF-86F7-AAB633F00A4F}.Release|Any CPU.ActiveCfg = Release|Any CPU
		{4C0F9C44-F465-49BF-86F7-AAB633F00A4F}.Release|Any CPU.Build.0 = Release|Any CPU
		{2030E3CE-6590-4C4E-B0CC-F5FB4D34B896}.Debug|Any CPU.ActiveCfg = Debug|Any CPU
		{2030E3CE-6590-4C4E-B0CC-F5FB4D34B896}.Debug|Any CPU.Build.0 = Debug|Any CPU
		{2030E3CE-6590-4C4E-B0CC-F5FB4D34B896}.Release|Any CPU.ActiveCfg = Release|Any CPU
		{2030E3CE-6590-4C4E-B0CC-F5FB4D34B896}.Release|Any CPU.Build.0 = Release|Any CPU
		{5E25C4A6-DD7E-4942-B629-BAD6C0D209A1}.Debug|Any CPU.ActiveCfg = Debug|Any CPU
		{5E25C4A6-DD7E-4942-B629-BAD6C0D209A1}.Debug|Any CPU.Build.0 = Debug|Any CPU
		{5E25C4A6-DD7E-4942-B629-BAD6C0D209A1}.Release|Any CPU.ActiveCfg = Release|Any CPU
		{5E25C4A6-DD7E-4942-B629-BAD6C0D209A1}.Release|Any CPU.Build.0 = Release|Any CPU
		{C7F86CAF-8020-480C-BA0E-BE8F20565EDD}.Debug|Any CPU.ActiveCfg = Debug|Any CPU
		{C7F86CAF-8020-480C-BA0E-BE8F20565EDD}.Debug|Any CPU.Build.0 = Debug|Any CPU
		{C7F86CAF-8020-480C-BA0E-BE8F20565EDD}.Release|Any CPU.ActiveCfg = Release|Any CPU
		{C7F86CAF-8020-480C-BA0E-BE8F20565EDD}.Release|Any CPU.Build.0 = Release|Any CPU
		{EE57D059-FF57-4E92-8C19-B0885B3B1D21}.Debug|Any CPU.ActiveCfg = Debug|Any CPU
		{EE57D059-FF57-4E92-8C19-B0885B3B1D21}.Debug|Any CPU.Build.0 = Debug|Any CPU
		{EE57D059-FF57-4E92-8C19-B0885B3B1D21}.Release|Any CPU.ActiveCfg = Release|Any CPU
		{EE57D059-FF57-4E92-8C19-B0885B3B1D21}.Release|Any CPU.Build.0 = Release|Any CPU
		{0B2370F7-F661-415F-9F72-7EA633093BC8}.Debug|Any CPU.ActiveCfg = Debug|Any CPU
		{0B2370F7-F661-415F-9F72-7EA633093BC8}.Debug|Any CPU.Build.0 = Debug|Any CPU
		{0B2370F7-F661-415F-9F72-7EA633093BC8}.Release|Any CPU.ActiveCfg = Release|Any CPU
		{0B2370F7-F661-415F-9F72-7EA633093BC8}.Release|Any CPU.Build.0 = Release|Any CPU
	EndGlobalSection
	GlobalSection(SolutionProperties) = preSolution
		HideSolutionNode = FALSE
	EndGlobalSection
	GlobalSection(ExtensibilityGlobals) = postSolution
		SolutionGuid = {E5126F98-3548-43C3-85CA-87370262334A}
	EndGlobalSection
EndGlobal
