
Microsoft Visual Studio Solution File, Format Version 12.00
# Visual Studio Version 17
VisualStudioVersion = 17.2.32630.192
MinimumVisualStudioVersion = 10.0.40219.1
Project("{FAE04EC0-301F-11D3-BF4B-00C04F79EFBC}") = "1 Vehicles", "1 Vehicles\1 Vehicles.csproj", "{9B8F224B-0B31-4F4D-ABAE-015C28DD4210}"
EndProject
Project("{FAE04EC0-301F-11D3-BF4B-00C04F79EFBC}") = "P04.Wild Farm", "P04.Wild Farm\P04.Wild Farm.csproj", "{E40587FC-6258-4B34-8991-1323F56915DC}"
EndProject
Global
	GlobalSection(SolutionConfigurationPlatforms) = preSolution
		Debug|Any CPU = Debug|Any CPU
		Release|Any CPU = Release|Any CPU
	EndGlobalSection
	GlobalSection(ProjectConfigurationPlatforms) = postSolution
		{9B8F224B-0B31-4F4D-ABAE-015C28DD4210}.Debug|Any CPU.ActiveCfg = Debug|Any CPU
		{9B8F224B-0B31-4F4D-ABAE-015C28DD4210}.Debug|Any CPU.Build.0 = Debug|Any CPU
		{9B8F224B-0B31-4F4D-ABAE-015C28DD4210}.Release|Any CPU.ActiveCfg = Release|Any CPU
		{9B8F224B-0B31-4F4D-ABAE-015C28DD4210}.Release|Any CPU.Build.0 = Release|Any CPU
		{E40587FC-6258-4B34-8991-1323F56915DC}.Debug|Any CPU.ActiveCfg = Debug|Any CPU
		{E40587FC-6258-4B34-8991-1323F56915DC}.Debug|Any CPU.Build.0 = Debug|Any CPU
		{E40587FC-6258-4B34-8991-1323F56915DC}.Release|Any CPU.ActiveCfg = Release|Any CPU
		{E40587FC-6258-4B34-8991-1323F56915DC}.Release|Any CPU.Build.0 = Release|Any CPU
	EndGlobalSection
	GlobalSection(SolutionProperties) = preSolution
		HideSolutionNode = FALSE
	EndGlobalSection
	GlobalSection(ExtensibilityGlobals) = postSolution
		SolutionGuid = {C68FF092-80E8-4020-BBDC-9312EB8FF956}
	EndGlobalSection
EndGlobal
