
Microsoft Visual Studio Solution File, Format Version 12.00
# Visual Studio Version 17
VisualStudioVersion = 17.1.32210.238
MinimumVisualStudioVersion = 10.0.40219.1
Project("{FAE04EC0-301F-11D3-BF4B-00C04F79EFBC}") = "1. Count Real Numbers", "1. Count Real Numbers\1. Count Real Numbers.csproj", "{F101F432-DC82-4F9B-8811-1F7350581912}"
EndProject
Project("{FAE04EC0-301F-11D3-BF4B-00C04F79EFBC}") = "2. Odd Occurrences", "2. Odd Occurrences\2. Odd Occurrences.csproj", "{BC6DAB5C-E975-46A1-9C68-303FB9F73488}"
EndProject
Project("{FAE04EC0-301F-11D3-BF4B-00C04F79EFBC}") = "2.1 Odd Occurrences", "2.1 Odd Occurrences\2.1 Odd Occurrences.csproj", "{1CE823A3-614E-4278-8C24-51354C9A8F09}"
EndProject
Project("{FAE04EC0-301F-11D3-BF4B-00C04F79EFBC}") = "3. Word Synonyms", "3. Word Synonyms\3. Word Synonyms.csproj", "{9B90C31D-40FC-4331-B04F-798A4427BDAD}"
EndProject
Project("{FAE04EC0-301F-11D3-BF4B-00C04F79EFBC}") = "4. Word Filter", "4. Word Filter\4. Word Filter.csproj", "{203EA4A5-7BBA-4EB3-AAEF-A4534C669387}"
EndProject
Global
	GlobalSection(SolutionConfigurationPlatforms) = preSolution
		Debug|Any CPU = Debug|Any CPU
		Release|Any CPU = Release|Any CPU
	EndGlobalSection
	GlobalSection(ProjectConfigurationPlatforms) = postSolution
		{F101F432-DC82-4F9B-8811-1F7350581912}.Debug|Any CPU.ActiveCfg = Debug|Any CPU
		{F101F432-DC82-4F9B-8811-1F7350581912}.Debug|Any CPU.Build.0 = Debug|Any CPU
		{F101F432-DC82-4F9B-8811-1F7350581912}.Release|Any CPU.ActiveCfg = Release|Any CPU
		{F101F432-DC82-4F9B-8811-1F7350581912}.Release|Any CPU.Build.0 = Release|Any CPU
		{BC6DAB5C-E975-46A1-9C68-303FB9F73488}.Debug|Any CPU.ActiveCfg = Debug|Any CPU
		{BC6DAB5C-E975-46A1-9C68-303FB9F73488}.Debug|Any CPU.Build.0 = Debug|Any CPU
		{BC6DAB5C-E975-46A1-9C68-303FB9F73488}.Release|Any CPU.ActiveCfg = Release|Any CPU
		{BC6DAB5C-E975-46A1-9C68-303FB9F73488}.Release|Any CPU.Build.0 = Release|Any CPU
		{1CE823A3-614E-4278-8C24-51354C9A8F09}.Debug|Any CPU.ActiveCfg = Debug|Any CPU
		{1CE823A3-614E-4278-8C24-51354C9A8F09}.Debug|Any CPU.Build.0 = Debug|Any CPU
		{1CE823A3-614E-4278-8C24-51354C9A8F09}.Release|Any CPU.ActiveCfg = Release|Any CPU
		{1CE823A3-614E-4278-8C24-51354C9A8F09}.Release|Any CPU.Build.0 = Release|Any CPU
		{9B90C31D-40FC-4331-B04F-798A4427BDAD}.Debug|Any CPU.ActiveCfg = Debug|Any CPU
		{9B90C31D-40FC-4331-B04F-798A4427BDAD}.Debug|Any CPU.Build.0 = Debug|Any CPU
		{9B90C31D-40FC-4331-B04F-798A4427BDAD}.Release|Any CPU.ActiveCfg = Release|Any CPU
		{9B90C31D-40FC-4331-B04F-798A4427BDAD}.Release|Any CPU.Build.0 = Release|Any CPU
		{203EA4A5-7BBA-4EB3-AAEF-A4534C669387}.Debug|Any CPU.ActiveCfg = Debug|Any CPU
		{203EA4A5-7BBA-4EB3-AAEF-A4534C669387}.Debug|Any CPU.Build.0 = Debug|Any CPU
		{203EA4A5-7BBA-4EB3-AAEF-A4534C669387}.Release|Any CPU.ActiveCfg = Release|Any CPU
		{203EA4A5-7BBA-4EB3-AAEF-A4534C669387}.Release|Any CPU.Build.0 = Release|Any CPU
	EndGlobalSection
	GlobalSection(SolutionProperties) = preSolution
		HideSolutionNode = FALSE
	EndGlobalSection
	GlobalSection(ExtensibilityGlobals) = postSolution
		SolutionGuid = {BF496309-9EE9-4076-BE25-DE661A6E0358}
	EndGlobalSection
EndGlobal
