
Microsoft Visual Studio Solution File, Format Version 12.00
# Visual Studio Version 17
VisualStudioVersion = 17.1.32210.238
MinimumVisualStudioVersion = 10.0.40219.1
Project("{FAE04EC0-301F-11D3-BF4B-00C04F79EFBC}") = "1. Count Chars in a String", "1. Count Chars in a String\1. Count Chars in a String.csproj", "{4C7CA39A-A8BF-4FED-B49C-31F0D3051CC7}"
EndProject
Project("{FAE04EC0-301F-11D3-BF4B-00C04F79EFBC}") = "2. A Miner Task", "2. A Miner Task\2. A Miner Task.csproj", "{DE83B463-2200-4A35-A846-AD3D600D9B0D}"
EndProject
Project("{FAE04EC0-301F-11D3-BF4B-00C04F79EFBC}") = "3. Legendary Farming", "3. Legendary Farming\3. Legendary Farming.csproj", "{48086EB9-6539-4A0F-84F3-F06E040EBE68}"
EndProject
Project("{FAE04EC0-301F-11D3-BF4B-00C04F79EFBC}") = "4. Orders", "4. Orders\4. Orders.csproj", "{C1902C7E-FC77-4BD1-B358-4925A56C307F}"
EndProject
Global
	GlobalSection(SolutionConfigurationPlatforms) = preSolution
		Debug|Any CPU = Debug|Any CPU
		Release|Any CPU = Release|Any CPU
	EndGlobalSection
	GlobalSection(ProjectConfigurationPlatforms) = postSolution
		{4C7CA39A-A8BF-4FED-B49C-31F0D3051CC7}.Debug|Any CPU.ActiveCfg = Debug|Any CPU
		{4C7CA39A-A8BF-4FED-B49C-31F0D3051CC7}.Debug|Any CPU.Build.0 = Debug|Any CPU
		{4C7CA39A-A8BF-4FED-B49C-31F0D3051CC7}.Release|Any CPU.ActiveCfg = Release|Any CPU
		{4C7CA39A-A8BF-4FED-B49C-31F0D3051CC7}.Release|Any CPU.Build.0 = Release|Any CPU
		{DE83B463-2200-4A35-A846-AD3D600D9B0D}.Debug|Any CPU.ActiveCfg = Debug|Any CPU
		{DE83B463-2200-4A35-A846-AD3D600D9B0D}.Debug|Any CPU.Build.0 = Debug|Any CPU
		{DE83B463-2200-4A35-A846-AD3D600D9B0D}.Release|Any CPU.ActiveCfg = Release|Any CPU
		{DE83B463-2200-4A35-A846-AD3D600D9B0D}.Release|Any CPU.Build.0 = Release|Any CPU
		{48086EB9-6539-4A0F-84F3-F06E040EBE68}.Debug|Any CPU.ActiveCfg = Debug|Any CPU
		{48086EB9-6539-4A0F-84F3-F06E040EBE68}.Debug|Any CPU.Build.0 = Debug|Any CPU
		{48086EB9-6539-4A0F-84F3-F06E040EBE68}.Release|Any CPU.ActiveCfg = Release|Any CPU
		{48086EB9-6539-4A0F-84F3-F06E040EBE68}.Release|Any CPU.Build.0 = Release|Any CPU
		{C1902C7E-FC77-4BD1-B358-4925A56C307F}.Debug|Any CPU.ActiveCfg = Debug|Any CPU
		{C1902C7E-FC77-4BD1-B358-4925A56C307F}.Debug|Any CPU.Build.0 = Debug|Any CPU
		{C1902C7E-FC77-4BD1-B358-4925A56C307F}.Release|Any CPU.ActiveCfg = Release|Any CPU
		{C1902C7E-FC77-4BD1-B358-4925A56C307F}.Release|Any CPU.Build.0 = Release|Any CPU
	EndGlobalSection
	GlobalSection(SolutionProperties) = preSolution
		HideSolutionNode = FALSE
	EndGlobalSection
	GlobalSection(ExtensibilityGlobals) = postSolution
		SolutionGuid = {42DAFD73-7436-49D1-9073-BDF9C558900C}
	EndGlobalSection
EndGlobal
