
Microsoft Visual Studio Solution File, Format Version 12.00
# Visual Studio Version 17
VisualStudioVersion = 17.2.32519.379
MinimumVisualStudioVersion = 10.0.40219.1
Project("{FAE04EC0-301F-11D3-BF4B-00C04F79EFBC}") = "01. Sort Even Numbers", "01. Sort Even Numbers\01. Sort Even Numbers.csproj", "{506EBAC7-62C4-419F-8AD6-232157B03174}"
EndProject
Project("{FAE04EC0-301F-11D3-BF4B-00C04F79EFBC}") = "02. Sum Numbers", "02. Sum Numbers\02. Sum Numbers.csproj", "{867A18D0-883C-4D61-AC66-931455E31B0D}"
EndProject
Project("{FAE04EC0-301F-11D3-BF4B-00C04F79EFBC}") = "03. Count Uppercase Words", "03. Count Uppercase Words\03. Count Uppercase Words.csproj", "{76F45DB5-5815-42FB-8AF9-6638B559C2DF}"
EndProject
Project("{FAE04EC0-301F-11D3-BF4B-00C04F79EFBC}") = "04. Add VAT", "04. Add VAT\04. Add VAT.csproj", "{DEA4483B-7FE8-4956-BA3A-0EB549F8D2FE}"
EndProject
Project("{FAE04EC0-301F-11D3-BF4B-00C04F79EFBC}") = "05. Filter By Age", "05. Filter By Age\05. Filter By Age.csproj", "{DF333214-C8FC-4717-803D-5958CFD44AAE}"
EndProject
Global
	GlobalSection(SolutionConfigurationPlatforms) = preSolution
		Debug|Any CPU = Debug|Any CPU
		Release|Any CPU = Release|Any CPU
	EndGlobalSection
	GlobalSection(ProjectConfigurationPlatforms) = postSolution
		{506EBAC7-62C4-419F-8AD6-232157B03174}.Debug|Any CPU.ActiveCfg = Debug|Any CPU
		{506EBAC7-62C4-419F-8AD6-232157B03174}.Debug|Any CPU.Build.0 = Debug|Any CPU
		{506EBAC7-62C4-419F-8AD6-232157B03174}.Release|Any CPU.ActiveCfg = Release|Any CPU
		{506EBAC7-62C4-419F-8AD6-232157B03174}.Release|Any CPU.Build.0 = Release|Any CPU
		{867A18D0-883C-4D61-AC66-931455E31B0D}.Debug|Any CPU.ActiveCfg = Debug|Any CPU
		{867A18D0-883C-4D61-AC66-931455E31B0D}.Debug|Any CPU.Build.0 = Debug|Any CPU
		{867A18D0-883C-4D61-AC66-931455E31B0D}.Release|Any CPU.ActiveCfg = Release|Any CPU
		{867A18D0-883C-4D61-AC66-931455E31B0D}.Release|Any CPU.Build.0 = Release|Any CPU
		{76F45DB5-5815-42FB-8AF9-6638B559C2DF}.Debug|Any CPU.ActiveCfg = Debug|Any CPU
		{76F45DB5-5815-42FB-8AF9-6638B559C2DF}.Debug|Any CPU.Build.0 = Debug|Any CPU
		{76F45DB5-5815-42FB-8AF9-6638B559C2DF}.Release|Any CPU.ActiveCfg = Release|Any CPU
		{76F45DB5-5815-42FB-8AF9-6638B559C2DF}.Release|Any CPU.Build.0 = Release|Any CPU
		{DEA4483B-7FE8-4956-BA3A-0EB549F8D2FE}.Debug|Any CPU.ActiveCfg = Debug|Any CPU
		{DEA4483B-7FE8-4956-BA3A-0EB549F8D2FE}.Debug|Any CPU.Build.0 = Debug|Any CPU
		{DEA4483B-7FE8-4956-BA3A-0EB549F8D2FE}.Release|Any CPU.ActiveCfg = Release|Any CPU
		{DEA4483B-7FE8-4956-BA3A-0EB549F8D2FE}.Release|Any CPU.Build.0 = Release|Any CPU
		{DF333214-C8FC-4717-803D-5958CFD44AAE}.Debug|Any CPU.ActiveCfg = Debug|Any CPU
		{DF333214-C8FC-4717-803D-5958CFD44AAE}.Debug|Any CPU.Build.0 = Debug|Any CPU
		{DF333214-C8FC-4717-803D-5958CFD44AAE}.Release|Any CPU.ActiveCfg = Release|Any CPU
		{DF333214-C8FC-4717-803D-5958CFD44AAE}.Release|Any CPU.Build.0 = Release|Any CPU
	EndGlobalSection
	GlobalSection(SolutionProperties) = preSolution
		HideSolutionNode = FALSE
	EndGlobalSection
	GlobalSection(ExtensibilityGlobals) = postSolution
		SolutionGuid = {2E9FCDC1-8630-4510-A034-487359F3BAFC}
	EndGlobalSection
EndGlobal
