
Microsoft Visual Studio Solution File, Format Version 12.00
# Visual Studio Version 17
VisualStudioVersion = 17.2.32616.157
MinimumVisualStudioVersion = 10.0.40219.1
Project("{FAE04EC0-301F-11D3-BF4B-00C04F79EFBC}") = "Farm", "Farm\Farm.csproj", "{22A95796-D5A7-45AD-B32A-AF21F9B9AD85}"
EndProject
Project("{FAE04EC0-301F-11D3-BF4B-00C04F79EFBC}") = "CustomRandomList", "CustomRandomList\CustomRandomList.csproj", "{04D20F3D-AC56-4635-88F3-20A3D638CE15}"
EndProject
Project("{FAE04EC0-301F-11D3-BF4B-00C04F79EFBC}") = "CustomStack", "CustomStack\CustomStack.csproj", "{F5B3A9A6-2C68-48E9-AF51-75AC82161388}"
EndProject
Global
	GlobalSection(SolutionConfigurationPlatforms) = preSolution
		Debug|Any CPU = Debug|Any CPU
		Release|Any CPU = Release|Any CPU
	EndGlobalSection
	GlobalSection(ProjectConfigurationPlatforms) = postSolution
		{22A95796-D5A7-45AD-B32A-AF21F9B9AD85}.Debug|Any CPU.ActiveCfg = Debug|Any CPU
		{22A95796-D5A7-45AD-B32A-AF21F9B9AD85}.Debug|Any CPU.Build.0 = Debug|Any CPU
		{22A95796-D5A7-45AD-B32A-AF21F9B9AD85}.Release|Any CPU.ActiveCfg = Release|Any CPU
		{22A95796-D5A7-45AD-B32A-AF21F9B9AD85}.Release|Any CPU.Build.0 = Release|Any CPU
		{04D20F3D-AC56-4635-88F3-20A3D638CE15}.Debug|Any CPU.ActiveCfg = Debug|Any CPU
		{04D20F3D-AC56-4635-88F3-20A3D638CE15}.Debug|Any CPU.Build.0 = Debug|Any CPU
		{04D20F3D-AC56-4635-88F3-20A3D638CE15}.Release|Any CPU.ActiveCfg = Release|Any CPU
		{04D20F3D-AC56-4635-88F3-20A3D638CE15}.Release|Any CPU.Build.0 = Release|Any CPU
		{F5B3A9A6-2C68-48E9-AF51-75AC82161388}.Debug|Any CPU.ActiveCfg = Debug|Any CPU
		{F5B3A9A6-2C68-48E9-AF51-75AC82161388}.Debug|Any CPU.Build.0 = Debug|Any CPU
		{F5B3A9A6-2C68-48E9-AF51-75AC82161388}.Release|Any CPU.ActiveCfg = Release|Any CPU
		{F5B3A9A6-2C68-48E9-AF51-75AC82161388}.Release|Any CPU.Build.0 = Release|Any CPU
	EndGlobalSection
	GlobalSection(SolutionProperties) = preSolution
		HideSolutionNode = FALSE
	EndGlobalSection
	GlobalSection(ExtensibilityGlobals) = postSolution
		SolutionGuid = {4C94DDEA-2E7C-45DB-95A3-31463C6F3005}
	EndGlobalSection
EndGlobal
