
Microsoft Visual Studio Solution File, Format Version 12.00
# Visual Studio Version 16
VisualStudioVersion = 16.0.31624.102
MinimumVisualStudioVersion = 10.0.40219.1
Project("{9A19103F-16F7-4668-BE54-9A1E7A4F7556}") = "Clock", "пресмятания\Clock.csproj", "{463AE8BF-3B1A-4427-BF48-F30900A91896}"
EndProject
Project("{9A19103F-16F7-4668-BE54-9A1E7A4F7556}") = "Calendar", "Calendar\Calendar.csproj", "{42D8DD17-27A6-4979-BEC3-70F4093AF157}"
EndProject
Global
	GlobalSection(SolutionConfigurationPlatforms) = preSolution
		Debug|Any CPU = Debug|Any CPU
		Release|Any CPU = Release|Any CPU
	EndGlobalSection
	GlobalSection(ProjectConfigurationPlatforms) = postSolution
		{463AE8BF-3B1A-4427-BF48-F30900A91896}.Debug|Any CPU.ActiveCfg = Debug|Any CPU
		{463AE8BF-3B1A-4427-BF48-F30900A91896}.Debug|Any CPU.Build.0 = Debug|Any CPU
		{463AE8BF-3B1A-4427-BF48-F30900A91896}.Release|Any CPU.ActiveCfg = Release|Any CPU
		{463AE8BF-3B1A-4427-BF48-F30900A91896}.Release|Any CPU.Build.0 = Release|Any CPU
		{42D8DD17-27A6-4979-BEC3-70F4093AF157}.Debug|Any CPU.ActiveCfg = Debug|Any CPU
		{42D8DD17-27A6-4979-BEC3-70F4093AF157}.Debug|Any CPU.Build.0 = Debug|Any CPU
		{42D8DD17-27A6-4979-BEC3-70F4093AF157}.Release|Any CPU.ActiveCfg = Release|Any CPU
		{42D8DD17-27A6-4979-BEC3-70F4093AF157}.Release|Any CPU.Build.0 = Release|Any CPU
	EndGlobalSection
	GlobalSection(SolutionProperties) = preSolution
		HideSolutionNode = FALSE
	EndGlobalSection
	GlobalSection(ExtensibilityGlobals) = postSolution
		SolutionGuid = {1DED0288-203B-41C9-9C18-B71B7FD4BB28}
	EndGlobalSection
EndGlobal
