
Microsoft Visual Studio Solution File, Format Version 12.00
# Visual Studio Version 17
VisualStudioVersion = 17.2.32526.322
MinimumVisualStudioVersion = 10.0.40219.1
Project("{FAE04EC0-301F-11D3-BF4B-00C04F79EFBC}") = "IteratorsAndComparators", "IteratorsAndComparators\IteratorsAndComparators.csproj", "{B0A7AD79-D3AA-4DA6-AAEB-D42B3666E55E}"
EndProject
Global
	GlobalSection(SolutionConfigurationPlatforms) = preSolution
		Debug|Any CPU = Debug|Any CPU
		Release|Any CPU = Release|Any CPU
	EndGlobalSection
	GlobalSection(ProjectConfigurationPlatforms) = postSolution
		{B0A7AD79-D3AA-4DA6-AAEB-D42B3666E55E}.Debug|Any CPU.ActiveCfg = Debug|Any CPU
		{B0A7AD79-D3AA-4DA6-AAEB-D42B3666E55E}.Debug|Any CPU.Build.0 = Debug|Any CPU
		{B0A7AD79-D3AA-4DA6-AAEB-D42B3666E55E}.Release|Any CPU.ActiveCfg = Release|Any CPU
		{B0A7AD79-D3AA-4DA6-AAEB-D42B3666E55E}.Release|Any CPU.Build.0 = Release|Any CPU
	EndGlobalSection
	GlobalSection(SolutionProperties) = preSolution
		HideSolutionNode = FALSE
	EndGlobalSection
	GlobalSection(ExtensibilityGlobals) = postSolution
		SolutionGuid = {A8FFC0DD-F694-4F11-A73B-6DCA2D760503}
	EndGlobalSection
EndGlobal
